
Microsoft Visual Studio Solution File, Format Version 12.00
# Visual Studio Version 17
VisualStudioVersion = 17.11.35327.3
MinimumVisualStudioVersion = 10.0.40219.1
Project("{FAE04EC0-301F-11D3-BF4B-00C04F79EFBC}") = "MeuProjetoEmCSharp", "MeuProjetoEmCSharp\MeuProjetoEmCSharp.csproj", "{1C04B765-4D9F-4483-8A89-F8A9E72E0176}"
EndProject
Global
	GlobalSection(SolutionConfigurationPlatforms) = preSolution
		Debug|Any CPU = Debug|Any CPU
		Release|Any CPU = Release|Any CPU
	EndGlobalSection
	GlobalSection(ProjectConfigurationPlatforms) = postSolution
		{1C04B765-4D9F-4483-8A89-F8A9E72E0176}.Debug|Any CPU.ActiveCfg = Debug|Any CPU
		{1C04B765-4D9F-4483-8A89-F8A9E72E0176}.Debug|Any CPU.Build.0 = Debug|Any CPU
		{1C04B765-4D9F-4483-8A89-F8A9E72E0176}.Release|Any CPU.ActiveCfg = Release|Any CPU
		{1C04B765-4D9F-4483-8A89-F8A9E72E0176}.Release|Any CPU.Build.0 = Release|Any CPU
	EndGlobalSection
	GlobalSection(SolutionProperties) = preSolution
		HideSolutionNode = FALSE
	EndGlobalSection
	GlobalSection(ExtensibilityGlobals) = postSolution
		SolutionGuid = {31D8214B-56C7-4BE2-A45F-DB3EC4C7BF29}
	EndGlobalSection
EndGlobal
